// !$*UTF8*$!
{
	archiveVersion = 1;
	classes = {
	};
	objectVersion = 56;
	objects = {

/* Begin PBXBuildFile section */
		CE288CDF2CEC909E00A64D20 /* AppDelegate.swift in Sources */ = {isa = PBXBuildFile; fileRef = CE288CDE2CEC909E00A64D20 /* AppDelegate.swift */; };
		CE288CE12CEC909E00A64D20 /* SceneDelegate.swift in Sources */ = {isa = PBXBuildFile; fileRef = CE288CE02CEC909E00A64D20 /* SceneDelegate.swift */; };
		CE288CE32CEC909E00A64D20 /* ViewController.swift in Sources */ = {isa = PBXBuildFile; fileRef = CE288CE22CEC909E00A64D20 /* ViewController.swift */; };
		CE288CE82CEC909F00A64D20 /* Assets.xcassets in Resources */ = {isa = PBXBuildFile; fileRef = CE288CE72CEC909F00A64D20 /* Assets.xcassets */; };
		CE288CEB2CEC909F00A64D20 /* Base in Resources */ = {isa = PBXBuildFile; fileRef = CE288CEA2CEC909F00A64D20 /* Base */; };
		CE288CF52CEC935400A64D20 /* 2nd.jpg in Resources */ = {isa = PBXBuildFile; fileRef = CE288CF22CEC935300A64D20 /* 2nd.jpg */; };
		CE288CF62CEC935400A64D20 /* 3rd.jpg in Resources */ = {isa = PBXBuildFile; fileRef = CE288CF32CEC935300A64D20 /* 3rd.jpg */; };
		CE288CF72CEC935400A64D20 /* 1st.jpg in Resources */ = {isa = PBXBuildFile; fileRef = CE288CF42CEC935300A64D20 /* 1st.jpg */; };
/* End PBXBuildFile section */

/* Begin PBXFileReference section */
		CE288CDB2CEC909E00A64D20 /* UiSegmentControl.app */ = {isa = PBXFileReference; explicitFileType = wrapper.application; includeInIndex = 0; path = UiSegmentControl.app; sourceTree = BUILT_PRODUCTS_DIR; };
		CE288CDE2CEC909E00A64D20 /* AppDelegate.swift */ = {isa = PBXFileReference; lastKnownFileType = sourcecode.swift; path = AppDelegate.swift; sourceTree = "<group>"; };
		CE288CE02CEC909E00A64D20 /* SceneDelegate.swift */ = {isa = PBXFileReference; lastKnownFileType = sourcecode.swift; path = SceneDelegate.swift; sourceTree = "<group>"; };
		CE288CE22CEC909E00A64D20 /* ViewController.swift */ = {isa = PBXFileReference; lastKnownFileType = sourcecode.swift; path = ViewController.swift; sourceTree = "<group>"; };
		CE288CE72CEC909F00A64D20 /* Assets.xcassets */ = {isa = PBXFileReference; lastKnownFileType = folder.assetcatalog; path = Assets.xcassets; sourceTree = "<group>"; };
		CE288CEA2CEC909F00A64D20 /* Base */ = {isa = PBXFileReference; lastKnownFileType = file.storyboard; name = Base; path = Base.lproj/LaunchScreen.storyboard; sourceTree = "<group>"; };
		CE288CEC2CEC909F00A64D20 /* Info.plist */ = {isa = PBXFileReference; lastKnownFileType = text.plist.xml; path = Info.plist; sourceTree = "<group>"; };
		CE288CF22CEC935300A64D20 /* 2nd.jpg */ = {isa = PBXFileReference; lastKnownFileType = image.jpeg; path = 2nd.jpg; sourceTree = "<group>"; };
		CE288CF32CEC935300A64D20 /* 3rd.jpg */ = {isa = PBXFileReference; lastKnownFileType = image.jpeg; path = 3rd.jpg; sourceTree = "<group>"; };
		CE288CF42CEC935300A64D20 /* 1st.jpg */ = {isa = PBXFileReference; lastKnownFileType = image.jpeg; path = 1st.jpg; sourceTree = "<group>"; };
/* End PBXFileReference section */

/* Begin PBXFrameworksBuildPhase section */
		CE288CD82CEC909E00A64D20 /* Frameworks */ = {
			isa = PBXFrameworksBuildPhase;
			buildActionMask = 2147483647;
			files = (
			);
			runOnlyForDeploymentPostprocessing = 0;
		};
/* End PBXFrameworksBuildPhase section */

/* Begin PBXGroup section */
		CE288CD22CEC909E00A64D20 = {
			isa = PBXGroup;
			children = (
				CE288CDD2CEC909E00A64D20 /* UiSegmentControl */,
				CE288CDC2CEC909E00A64D20 /* Products */,
			);
			sourceTree = "<group>";
		};
		CE288CDC2CEC909E00A64D20 /* Products */ = {
			isa = PBXGroup;
			children = (
				CE288CDB2CEC909E00A64D20 /* UiSegmentControl.app */,
			);
			name = Products;
			sourceTree = "<group>";
		};
		CE288CDD2CEC909E00A64D20 /* UiSegmentControl */ = {
			isa = PBXGroup;
			children = (
				CE288CDE2CEC909E00A64D20 /* AppDelegate.swift */,
				CE288CE02CEC909E00A64D20 /* SceneDelegate.swift */,
				CE288CE22CEC909E00A64D20 /* ViewController.swift */,
				CE288CE72CEC909F00A64D20 /* Assets.xcassets */,
				CE288CE92CEC909F00A64D20 /* LaunchScreen.storyboard */,
				CE288CEC2CEC909F00A64D20 /* Info.plist */,
				CE288CF42CEC935300A64D20 /* 1st.jpg */,
				CE288CF22CEC935300A64D20 /* 2nd.jpg */,
				CE288CF32CEC935300A64D20 /* 3rd.jpg */,
			);
			path = UiSegmentControl;
			sourceTree = "<group>";
		};
/* End PBXGroup section */

/* Begin PBXNativeTarget section */
		CE288CDA2CEC909E00A64D20 /* UiSegmentControl */ = {
			isa = PBXNativeTarget;
			buildConfigurationList = CE288CEF2CEC909F00A64D20 /* Build configuration list for PBXNativeTarget "UiSegmentControl" */;
			buildPhases = (
				CE288CD72CEC909E00A64D20 /* Sources */,
				CE288CD82CEC909E00A64D20 /* Frameworks */,
				CE288CD92CEC909E00A64D20 /* Resources */,
			);
			buildRules = (
			);
			dependencies = (
			);
			name = UiSegmentControl;
			productName = UiSegmentControl;
			productReference = CE288CDB2CEC909E00A64D20 /* UiSegmentControl.app */;
			productType = "com.apple.product-type.application";
		};
/* End PBXNativeTarget section */

/* Begin PBXProject section */
		CE288CD32CEC909E00A64D20 /* Project object */ = {
			isa = PBXProject;
			attributes = {
				BuildIndependentTargetsInParallel = 1;
				LastSwiftUpdateCheck = 1530;
				LastUpgradeCheck = 1530;
				TargetAttributes = {
					CE288CDA2CEC909E00A64D20 = {
						CreatedOnToolsVersion = 15.3;
					};
				};
			};
			buildConfigurationList = CE288CD62CEC909E00A64D20 /* Build configuration list for PBXProject "UiSegmentControl" */;
			compatibilityVersion = "Xcode 14.0";
			developmentRegion = en;
			hasScannedForEncodings = 0;
			knownRegions = (
				en,
				Base,
			);
			mainGroup = CE288CD22CEC909E00A64D20;
			productRefGroup = CE288CDC2CEC909E00A64D20 /* Products */;
			projectDirPath = "";
			projectRoot = "";
			targets = (
				CE288CDA2CEC909E00A64D20 /* UiSegmentControl */,
			);
		};
/* End PBXProject section */

/* Begin PBXResourcesBuildPhase section */
		CE288CD92CEC909E00A64D20 /* Resources */ = {
			isa = PBXResourcesBuildPhase;
			buildActionMask = 2147483647;
			files = (
				CE288CF72CEC935400A64D20 /* 1st.jpg in Resources */,
				CE288CE82CEC909F00A64D20 /* Assets.xcassets in Resources */,
				CE288CEB2CEC909F00A64D20 /* Base in Resources */,
				CE288CF52CEC935400A64D20 /* 2nd.jpg in Resources */,
				CE288CF62CEC935400A64D20 /* 3rd.jpg in Resources */,
			);
			runOnlyForDeploymentPostprocessing = 0;
		};
/* End PBXResourcesBuildPhase section */

/* Begin PBXSourcesBuildPhase section */
		CE288CD72CEC909E00A64D20 /* Sources */ = {
			isa = PBXSourcesBuildPhase;
			buildActionMask = 2147483647;
			files = (
				CE288CE32CEC909E00A64D20 /* ViewController.swift in Sources */,
				CE288CDF2CEC909E00A64D20 /* AppDelegate.swift in Sources */,
				CE288CE12CEC909E00A64D20 /* SceneDelegate.swift in Sources */,
			);
			runOnlyForDeploymentPostprocessing = 0;
		};
/* End PBXSourcesBuildPhase section */

/* Begin PBXVariantGroup section */
		CE288CE92CEC909F00A64D20 /* LaunchScreen.storyboard */ = {
			isa = PBXVariantGroup;
			children = (
				CE288CEA2CEC909F00A64D20 /* Base */,
			);
			name = LaunchScreen.storyboard;
			sourceTree = "<group>";
		};
/* End PBXVariantGroup section */

/* Begin XCBuildConfiguration section */
		CE288CED2CEC909F00A64D20 /* Debug */ = {
			isa = XCBuildConfiguration;
			buildSettings = {
				ALWAYS_SEARCH_USER_PATHS = NO;
				ASSETCATALOG_COMPILER_GENERATE_SWIFT_ASSET_SYMBOL_EXTENSIONS = YES;
				CLANG_ANALYZER_NONNULL = YES;
				CLANG_ANALYZER_NUMBER_OBJECT_CONVERSION = YES_AGGRESSIVE;
				CLANG_CXX_LANGUAGE_STANDARD = "gnu++20";
				CLANG_ENABLE_MODULES = YES;
				CLANG_ENABLE_OBJC_ARC = YES;
				CLANG_ENABLE_OBJC_WEAK = YES;
				CLANG_WARN_BLOCK_CAPTURE_AUTORELEASING = YES;
				CLANG_WARN_BOOL_CONVERSION = YES;
				CLANG_WARN_COMMA = YES;
				CLANG_WARN_CONSTANT_CONVERSION = YES;
				CLANG_WARN_DEPRECATED_OBJC_IMPLEMENTATIONS = YES;
				CLANG_WARN_DIRECT_OBJC_ISA_USAGE = YES_ERROR;
				CLANG_WARN_DOCUMENTATION_COMMENTS = YES;
				CLANG_WARN_EMPTY_BODY = YES;
				CLANG_WARN_ENUM_CONVERSION = YES;
				CLANG_WARN_INFINITE_RECURSION = YES;
				CLANG_WARN_INT_CONVERSION = YES;
				CLANG_WARN_NON_LITERAL_NULL_CONVERSION = YES;
				CLANG_WARN_OBJC_IMPLICIT_RETAIN_SELF = YES;
				CLANG_WARN_OBJC_LITERAL_CONVERSION = YES;
				CLANG_WARN_OBJC_ROOT_CLASS = YES_ERROR;
				CLANG_WARN_QUOTED_INCLUDE_IN_FRAMEWORK_HEADER = YES;
				CLANG_WARN_RANGE_LOOP_ANALYSIS = YES;
				CLANG_WARN_STRICT_PROTOTYPES = YES;
				CLANG_WARN_SUSPICIOUS_MOVE = YES;
				CLANG_WARN_UNGUARDED_AVAILABILITY = YES_AGGRESSIVE;
				CLANG_WARN_UNREACHABLE_CODE = YES;
				CLANG_WARN__DUPLICATE_METHOD_MATCH = YES;
				COPY_PHASE_STRIP = NO;
				DEBUG_INFORMATION_FORMAT = dwarf;
				ENABLE_STRICT_OBJC_MSGSEND = YES;
				ENABLE_TESTABILITY = YES;
				ENABLE_USER_SCRIPT_SANDBOXING = YES;
				GCC_C_LANGUAGE_STANDARD = gnu17;
				GCC_DYNAMIC_NO_PIC = NO;
				GCC_NO_COMMON_BLOCKS = YES;
				GCC_OPTIMIZATION_LEVEL = 0;
				GCC_PREPROCESSOR_DEFINITIONS = (
					"DEBUG=1",
					"$(inherited)",
				);
				GCC_WARN_64_TO_32_BIT_CONVERSION = YES;
				GCC_WARN_ABOUT_RETURN_TYPE = YES_ERROR;
				GCC_WARN_UNDECLARED_SELECTOR = YES;
				GCC_WARN_UNINITIALIZED_AUTOS = YES_AGGRESSIVE;
				GCC_WARN_UNUSED_FUNCTION = YES;
				GCC_WARN_UNUSED_VARIABLE = YES;
				IPHONEOS_DEPLOYMENT_TARGET = 17.4;
				LOCALIZATION_PREFERS_STRING_CATALOGS = YES;
				MTL_ENABLE_DEBUG_INFO = INCLUDE_SOURCE;
				MTL_FAST_MATH = YES;
				ONLY_ACTIVE_ARCH = YES;
				SDKROOT = iphoneos;
				SWIFT_ACTIVE_COMPILATION_CONDITIONS = "DEBUG $(inherited)";
				SWIFT_OPTIMIZATION_LEVEL = "-Onone";
			};
			name = Debug;
		};
		CE288CEE2CEC909F00A64D20 /* Release */ = {
			isa = XCBuildConfiguration;
			buildSettings = {
				ALWAYS_SEARCH_USER_PATHS = NO;
				ASSETCATALOG_COMPILER_GENERATE_SWIFT_ASSET_SYMBOL_EXTENSIONS = YES;
				CLANG_ANALYZER_NONNULL = YES;
				CLANG_ANALYZER_NUMBER_OBJECT_CONVERSION = YES_AGGRESSIVE;
				CLANG_CXX_LANGUAGE_STANDARD = "gnu++20";
				CLANG_ENABLE_MODULES = YES;
				CLANG_ENABLE_OBJC_ARC = YES;
				CLANG_ENABLE_OBJC_WEAK = YES;
				CLANG_WARN_BLOCK_CAPTURE_AUTORELEASING = YES;
				CLANG_WARN_BOOL_CONVERSION = YES;
				CLANG_WARN_COMMA = YES;
				CLANG_WARN_CONSTANT_CONVERSION = YES;
				CLANG_WARN_DEPRECATED_OBJC_IMPLEMENTATIONS = YES;
				CLANG_WARN_DIRECT_OBJC_ISA_USAGE = YES_ERROR;
				CLANG_WARN_DOCUMENTATION_COMMENTS = YES;
				CLANG_WARN_EMPTY_BODY = YES;
				CLANG_WARN_ENUM_CONVERSION = YES;
				CLANG_WARN_INFINITE_RECURSION = YES;
				CLANG_WARN_INT_CONVERSION = YES;
				CLANG_WARN_NON_LITERAL_NULL_CONVERSION = YES;
				CLANG_WARN_OBJC_IMPLICIT_RETAIN_SELF = YES;
				CLANG_WARN_OBJC_LITERAL_CONVERSION = YES;
				CLANG_WARN_OBJC_ROOT_CLASS = YES_ERROR;
				CLANG_WARN_QUOTED_INCLUDE_IN_FRAMEWORK_HEADER = YES;
				CLANG_WARN_RANGE_LOOP_ANALYSIS = YES;
				CLANG_WARN_STRICT_PROTOTYPES = YES;
				CLANG_WARN_SUSPICIOUS_MOVE = YES;
				CLANG_WARN_UNGUARDED_AVAILABILITY = YES_AGGRESSIVE;
				CLANG_WARN_UNREACHABLE_CODE = YES;
				CLANG_WARN__DUPLICATE_METHOD_MATCH = YES;
				COPY_PHASE_STRIP = NO;
				DEBUG_INFORMATION_FORMAT = "dwarf-with-dsym";
				ENABLE_NS_ASSERTIONS = NO;
				ENABLE_STRICT_OBJC_MSGSEND = YES;
				ENABLE_USER_SCRIPT_SANDBOXING = YES;
				GCC_C_LANGUAGE_STANDARD = gnu17;
				GCC_NO_COMMON_BLOCKS = YES;
				GCC_WARN_64_TO_32_BIT_CONVERSION = YES;
				GCC_WARN_ABOUT_RETURN_TYPE = YES_ERROR;
				GCC_WARN_UNDECLARED_SELECTOR = YES;
				GCC_WARN_UNINITIALIZED_AUTOS = YES_AGGRESSIVE;
				GCC_WARN_UNUSED_FUNCTION = YES;
				GCC_WARN_UNUSED_VARIABLE = YES;
				IPHONEOS_DEPLOYMENT_TARGET = 17.4;
				LOCALIZATION_PREFERS_STRING_CATALOGS = YES;
				MTL_ENABLE_DEBUG_INFO = NO;
				MTL_FAST_MATH = YES;
				SDKROOT = iphoneos;
				SWIFT_COMPILATION_MODE = wholemodule;
				VALIDATE_PRODUCT = YES;
			};
			name = Release;
		};
		CE288CF02CEC909F00A64D20 /* Debug */ = {
			isa = XCBuildConfiguration;
			buildSettings = {
				ASSETCATALOG_COMPILER_APPICON_NAME = AppIcon;
				ASSETCATALOG_COMPILER_GLOBAL_ACCENT_COLOR_NAME = AccentColor;
				CODE_SIGN_STYLE = Automatic;
				CURRENT_PROJECT_VERSION = 1;
				DEVELOPMENT_TEAM = FH8FWHG7WC;
				GENERATE_INFOPLIST_FILE = YES;
				INFOPLIST_FILE = UiSegmentControl/Info.plist;
				INFOPLIST_KEY_UIApplicationSupportsIndirectInputEvents = YES;
				INFOPLIST_KEY_UILaunchStoryboardName = LaunchScreen;
				INFOPLIST_KEY_UISupportedInterfaceOrientations_iPad = "UIInterfaceOrientationPortrait UIInterfaceOrientationPortraitUpsideDown UIInterfaceOrientationLandscapeLeft UIInterfaceOrientationLandscapeRight";
				INFOPLIST_KEY_UISupportedInterfaceOrientations_iPhone = "UIInterfaceOrientationPortrait UIInterfaceOrientationLandscapeLeft UIInterfaceOrientationLandscapeRight";
				LD_RUNPATH_SEARCH_PATHS = (
					"$(inherited)",
					"@executable_path/Frameworks",
				);
				MARKETING_VERSION = 1.0;
				PRODUCT_BUNDLE_IDENTIFIER = com.hbocompany.UiSegmentControl;
				PRODUCT_NAME = "$(TARGET_NAME)";
				SWIFT_EMIT_LOC_STRINGS = YES;
				SWIFT_VERSION = 5.0;
				TARGETED_DEVICE_FAMILY = "1,2";
			};
			name = Debug;
		};
		CE288CF12CEC909F00A64D20 /* Release */ = {
			isa = XCBuildConfiguration;
			buildSettings = {
				ASSETCATALOG_COMPILER_APPICON_NAME = AppIcon;
				ASSETCATALOG_COMPILER_GLOBAL_ACCENT_COLOR_NAME = AccentColor;
				CODE_SIGN_STYLE = Automatic;
				CURRENT_PROJECT_VERSION = 1;
				DEVELOPMENT_TEAM = FH8FWHG7WC;
				GENERATE_INFOPLIST_FILE = YES;
				INFOPLIST_FILE = UiSegmentControl/Info.plist;
				INFOPLIST_KEY_UIApplicationSupportsIndirectInputEvents = YES;
				INFOPLIST_KEY_UILaunchStoryboardName = LaunchScreen;
				INFOPLIST_KEY_UISupportedInterfaceOrientations_iPad = "UIInterfaceOrientationPortrait UIInterfaceOrientationPortraitUpsideDown UIInterfaceOrientationLandscapeLeft UIInterfaceOrientationLandscapeRight";
				INFOPLIST_KEY_UISupportedInterfaceOrientations_iPhone = "UIInterfaceOrientationPortrait UIInterfaceOrientationLandscapeLeft UIInterfaceOrientationLandscapeRight";
				LD_RUNPATH_SEARCH_PATHS = (
					"$(inherited)",
					"@executable_path/Frameworks",
				);
				MARKETING_VERSION = 1.0;
				PRODUCT_BUNDLE_IDENTIFIER = com.hbocompany.UiSegmentControl;
				PRODUCT_NAME = "$(TARGET_NAME)";
				SWIFT_EMIT_LOC_STRINGS = YES;
				SWIFT_VERSION = 5.0;
				TARGETED_DEVICE_FAMILY = "1,2";
			};
			name = Release;
		};
/* End XCBuildConfiguration section */

/* Begin XCConfigurationList section */
		CE288CD62CEC909E00A64D20 /* Build configuration list for PBXProject "UiSegmentControl" */ = {
			isa = XCConfigurationList;
			buildConfigurations = (
				CE288CED2CEC909F00A64D20 /* Debug */,
				CE288CEE2CEC909F00A64D20 /* Release */,
			);
			defaultConfigurationIsVisible = 0;
			defaultConfigurationName = Release;
		};
		CE288CEF2CEC909F00A64D20 /* Build configuration list for PBXNativeTarget "UiSegmentControl" */ = {
			isa = XCConfigurationList;
			buildConfigurations = (
				CE288CF02CEC909F00A64D20 /* Debug */,
				CE288CF12CEC909F00A64D20 /* Release */,
			);
			defaultConfigurationIsVisible = 0;
			defaultConfigurationName = Release;
		};
/* End XCConfigurationList section */
	};
	rootObject = CE288CD32CEC909E00A64D20 /* Project object */;
}
